# This file is automatically @generated by Cargo.
# It is not intended for manual editing.
version = 4

[[package]]
name = "algokit"
version = "0.1.0"

[[package]]
name = "arc200"
version = "0.1.0"
dependencies = [
 "algokit",
 "crypto-bigint",
]

[[package]]
name = "autocfg"
version = "1.5.0"
source = "registry+https://github.com/rust-lang/crates.io-index"
checksum = "c08606f8c3cbf4ce6ec8e28fb0014a2c086708fe954eaa885384a6165172e7e8"

[[package]]
name = "crypto-bigint"
version = "0.6.1"
source = "registry+https://github.com/rust-lang/crates.io-index"
checksum = "96272c2ff28b807e09250b180ad1fb7889a3258f7455759b5c3c58b719467130"
dependencies = [
 "num-traits",
 "subtle",
]

[[package]]
name = "num-traits"
version = "0.2.19"
source = "registry+https://github.com/rust-lang/crates.io-index"
checksum = "071dfc062690e90b734c0b2273ce72ad0ffa95f0c74596bc250dcfd960262841"
dependencies = [
 "autocfg",
]

[[package]]
name = "subtle"
version = "2.6.1"
source = "registry+https://github.com/rust-lang/crates.io-index"
checksum = "13c2bddecc57b384dee18652358fb23172facb8a2c51ccc10d74c157bdea3292"
