# This file is automatically @generated by Cargo.
# It is not intended for manual editing.
version = 4

[[package]]
name = "anyhow"
version = "1.0.98"
source = "registry+https://github.com/rust-lang/crates.io-index"
checksum = "e16d2d3311acee920a9eb8d33b8cbc1787ce4a264e85f964c2404b969bdcd487"

[[package]]
name = "autocfg"
version = "1.5.0"
source = "registry+https://github.com/rust-lang/crates.io-index"
checksum = "c08606f8c3cbf4ce6ec8e28fb0014a2c086708fe954eaa885384a6165172e7e8"

[[package]]
name = "bitflags"
version = "2.9.1"
source = "registry+https://github.com/rust-lang/crates.io-index"
checksum = "1b8e56985ec62d17e9c1001dc89c88ecd7dc08e47eba5ec7c29c7b5eeecde967"

[[package]]
name = "equivalent"
version = "1.0.2"
source = "registry+https://github.com/rust-lang/crates.io-index"
checksum = "877a4ace8713b0bcf2a4e7eec82529c029f1d0619886d18145fea96c3ffe5c0f"

[[package]]
name = "hashbrown"
version = "0.12.3"
source = "registry+https://github.com/rust-lang/crates.io-index"
checksum = "8a9ee70c43aaf417c914396645a0fa852624801b24ebb7ae78fe8272889ac888"

[[package]]
name = "hashbrown"
version = "0.15.4"
source = "registry+https://github.com/rust-lang/crates.io-index"
checksum = "5971ac85611da7067dbfcabef3c70ebb5606018acd9e2a3903a0da507521e0d5"

[[package]]
name = "indexmap"
version = "1.9.3"
source = "registry+https://github.com/rust-lang/crates.io-index"
checksum = "bd070e393353796e801d209ad339e89596eb4c8d430d18ede6a1cced8fafbd99"
dependencies = [
 "autocfg",
 "hashbrown 0.12.3",
]

[[package]]
name = "indexmap"
version = "2.10.0"
source = "registry+https://github.com/rust-lang/crates.io-index"
checksum = "fe4cd85333e22411419a0bcae1297d25e58c9443848b11dc6a86fefe8c78a661"
dependencies = [
 "equivalent",
 "hashbrown 0.15.4",
]

[[package]]
name = "instrument"
version = "0.1.0"
dependencies = [
 "radix-wasm-instrument",
]

[[package]]
name = "leb128"
version = "0.2.5"
source = "registry+https://github.com/rust-lang/crates.io-index"
checksum = "884e2677b40cc8c339eaefcb701c32ef1fd2493d71118dc0ca4b6a736c93bd67"

[[package]]
name = "paste"
version = "1.0.15"
source = "registry+https://github.com/rust-lang/crates.io-index"
checksum = "57c0d7b74b563b49d38dae00a0c37d4d6de9b432382b2892f0574ddcae73fd0a"

[[package]]
name = "radix-wasm-instrument"
version = "1.0.0"
source = "git+https://github.com/radixdlt/wasm-instrument#405166c526aa60fa2af4e4b1122b156dbcc1bb15"
dependencies = [
 "anyhow",
 "paste",
 "wasm-encoder",
 "wasmparser 0.107.0",
 "wasmprinter",
]

[[package]]
name = "semver"
version = "1.0.26"
source = "registry+https://github.com/rust-lang/crates.io-index"
checksum = "56e6fa9c48d24d85fb3de5ad847117517440f6beceb7798af16b4a87d616b8d0"

[[package]]
name = "wasm-encoder"
version = "0.29.0"
source = "registry+https://github.com/rust-lang/crates.io-index"
checksum = "18c41dbd92eaebf3612a39be316540b8377c871cb9bde6b064af962984912881"
dependencies = [
 "leb128",
]

[[package]]
name = "wasmparser"
version = "0.107.0"
source = "registry+https://github.com/rust-lang/crates.io-index"
checksum = "29e3ac9b780c7dda0cac7a52a5d6d2d6707cc6e3451c9db209b6c758f40d7acb"
dependencies = [
 "indexmap 1.9.3",
 "semver",
]

[[package]]
name = "wasmparser"
version = "0.121.2"
source = "registry+https://github.com/rust-lang/crates.io-index"
checksum = "9dbe55c8f9d0dbd25d9447a5a889ff90c0cc3feaa7395310d3d826b2c703eaab"
dependencies = [
 "bitflags",
 "indexmap 2.10.0",
 "semver",
]

[[package]]
name = "wasmprinter"
version = "0.2.80"
source = "registry+https://github.com/rust-lang/crates.io-index"
checksum = "60e73986a6b7fdfedb7c5bf9e7eb71135486507c8fbc4c0c42cffcb6532988b7"
dependencies = [
 "anyhow",
 "wasmparser 0.121.2",
]
